PODS:
  - FMDB/SQLCipher (2.7.5):
    - SQLCipher
  - SalesforceAnalytics (7.3.0):
    - SalesforceAnalytics/SalesforceAnalytics (= 7.3.0)
  - SalesforceAnalytics/SalesforceAnalytics (7.3.0):
    - SalesforceSDKCommon
  - SalesforceSDKCommon (7.3.0):
    - SalesforceSDKCommon/SalesforceSDKCommon (= 7.3.0)
  - SalesforceSDKCommon/SalesforceSDKCommon (7.3.0)
  - SalesforceSDKCore (7.3.0):
    - SalesforceSDKCore/SalesforceSDKCore (= 7.3.0)
  - SalesforceSDKCore/SalesforceSDKCore (7.3.0):
    - SalesforceAnalytics
    - SalesforceSDKCore/SalesforceSDKCore/arc (= 7.3.0)
    - SalesforceSDKCore/SalesforceSDKCore/base (= 7.3.0)
    - SalesforceSDKCore/SalesforceSDKCore/no-arc (= 7.3.0)
  - SalesforceSDKCore/SalesforceSDKCore/arc (7.3.0):
    - SalesforceAnalytics
    - SalesforceSDKCore/SalesforceSDKCore/base
    - SalesforceSDKCore/SalesforceSDKCore/no-arc
  - SalesforceSDKCore/SalesforceSDKCore/base (7.3.0):
    - SalesforceAnalytics
  - SalesforceSDKCore/SalesforceSDKCore/no-arc (7.3.0):
    - SalesforceAnalytics
    - SalesforceSDKCore/SalesforceSDKCore/base
  - SmartStore (7.3.0):
    - SmartStore/SmartStore (= 7.3.0)
  - SmartStore/SmartStore (7.3.0):
    - FMDB/SQLCipher (~> 2.7.5)
    - SalesforceSDKCore
    - SQLCipher/fts (~> 4.2.0)
  - SmartSync (7.3.0):
    - SmartSync/SmartSync (= 7.3.0)
  - SmartSync/SmartSync (7.3.0):
    - SalesforceSDKCore
    - SmartStore
  - SQLCipher (4.2.0):
    - SQLCipher/standard (= 4.2.0)
  - SQLCipher/common (4.2.0)
  - SQLCipher/fts (4.2.0):
    - SQLCipher/common
  - SQLCipher/standard (4.2.0):
    - SQLCipher/common

DEPENDENCIES:
  - SalesforceAnalytics
  - SalesforceSDKCommon
  - SalesforceSDKCore
  - SmartStore
  - SmartSync

SPEC REPOS:
  https://github.com/CocoaPods/Specs.git:
    - FMDB
    - SQLCipher
  https://github.com/forcedotcom/SalesforceMobileSDK-iOS-Specs.git:
    - SalesforceAnalytics
    - SalesforceSDKCommon
    - SalesforceSDKCore
    - SmartStore
    - SmartSync

SPEC CHECKSUMS:
  FMDB: 2ce00b547f966261cd18927a3ddb07cb6f3db82a
  SalesforceAnalytics: 4412b7574afbcb7e413c1d756fcc455016ecc002
  SalesforceSDKCommon: b01968329b79803d47719759331c133c3c09ff6f
  SalesforceSDKCore: 51606666bfbd48fba75be49198de63dfc7b7154c
  SmartStore: 5325271f6a1ebda0771251e158de37752431bf53
  SmartSync: 7171990721b5577cfae44a62f83e9681d5916fc4
  SQLCipher: 0187a2180ac288ea686b670b7141da62cd013b16

PODFILE CHECKSUM: d41b4a5ba20d4f44eba608cdff5535e9ceb23ef0

COCOAPODS: 1.12.1
