// !$*UTF8*$!
{
	archiveVersion = 1;
	classes = {
	};
	objectVersion = 56;
	objects = {

/* Begin PBXBuildFile section */
		F0772B092A0379B800B2E181 /* TranscriptionViewModel.swift in Sources */ = {isa = PBXBuildFile; fileRef = F0772B082A0379B800B2E181 /* TranscriptionViewModel.swift */; };
		F0772B0B2A037A0700B2E181 /* LoginView.swift in Sources */ = {isa = PBXBuildFile; fileRef = F0772B0A2A037A0700B2E181 /* LoginView.swift */; };
		F0772B0D2A037A2E00B2E181 /* TranscriptionView.swift in Sources */ = {isa = PBXBuildFile; fileRef = F0772B0C2A037A2E00B2E181 /* TranscriptionView.swift */; };
		F0772B0F2A037AA500B2E181 /* Extensions.swift in Sources */ = {isa = PBXBuildFile; fileRef = F0772B0E2A037AA500B2E181 /* Extensions.swift */; };
		F0772B132A037B9000B2E181 /* AppDelegate.swift in Sources */ = {isa = PBXBuildFile; fileRef = F0772B122A037B9000B2E181 /* AppDelegate.swift */; };
		F085B24C29E0981D00981BC6 /* Craven_ConnectionsApp.swift in Sources */ = {isa = PBXBuildFile; fileRef = F085B24B29E0981D00981BC6 /* Craven_ConnectionsApp.swift */; };
		F085B24E29E0981D00981BC6 /* ContentView.swift in Sources */ = {isa = PBXBuildFile; fileRef = F085B24D29E0981D00981BC6 /* ContentView.swift */; };
		F085B25029E0981F00981BC6 /* Assets.xcassets in Resources */ = {isa = PBXBuildFile; fileRef = F085B24F29E0981F00981BC6 /* Assets.xcassets */; };
		F085B25329E0981F00981BC6 /* Preview Assets.xcassets in Resources */ = {isa = PBXBuildFile; fileRef = F085B25229E0981F00981BC6 /* Preview Assets.xcassets */; };
		F0E8523929EE169A0035D661 /* ColorExtension.swift in Sources */ = {isa = PBXBuildFile; fileRef = F0E8523829EE169A0035D661 /* ColorExtension.swift */; };
/* End PBXBuildFile section */

/* Begin PBXFileReference section */
		F0772B082A0379B800B2E181 /* TranscriptionViewModel.swift */ = {isa = PBXFileReference; lastKnownFileType = sourcecode.swift; path = TranscriptionViewModel.swift; sourceTree = "<group>"; };
		F0772B0A2A037A0700B2E181 /* LoginView.swift */ = {isa = PBXFileReference; lastKnownFileType = sourcecode.swift; path = LoginView.swift; sourceTree = "<group>"; };
		F0772B0C2A037A2E00B2E181 /* TranscriptionView.swift */ = {isa = PBXFileReference; lastKnownFileType = sourcecode.swift; path = TranscriptionView.swift; sourceTree = "<group>"; };
		F0772B0E2A037AA500B2E181 /* Extensions.swift */ = {isa = PBXFileReference; lastKnownFileType = sourcecode.swift; path = Extensions.swift; sourceTree = "<group>"; };
		F0772B122A037B9000B2E181 /* AppDelegate.swift */ = {isa = PBXFileReference; lastKnownFileType = sourcecode.swift; path = AppDelegate.swift; sourceTree = "<group>"; };
		F085B24829E0981D00981BC6 /* Craven Connections.app */ = {isa = PBXFileReference; explicitFileType = wrapper.application; includeInIndex = 0; path = "Craven Connections.app"; sourceTree = BUILT_PRODUCTS_DIR; };
		F085B24B29E0981D00981BC6 /* Craven_ConnectionsApp.swift */ = {isa = PBXFileReference; lastKnownFileType = sourcecode.swift; path = Craven_ConnectionsApp.swift; sourceTree = "<group>"; };
		F085B24D29E0981D00981BC6 /* ContentView.swift */ = {isa = PBXFileReference; lastKnownFileType = sourcecode.swift; path = ContentView.swift; sourceTree = "<group>"; };
		F085B24F29E0981F00981BC6 /* Assets.xcassets */ = {isa = PBXFileReference; lastKnownFileType = folder.assetcatalog; path = Assets.xcassets; sourceTree = "<group>"; };
		F085B25229E0981F00981BC6 /* Preview Assets.xcassets */ = {isa = PBXFileReference; lastKnownFileType = folder.assetcatalog; path = "Preview Assets.xcassets"; sourceTree = "<group>"; };
		F0E8523829EE169A0035D661 /* ColorExtension.swift */ = {isa = PBXFileReference; lastKnownFileType = sourcecode.swift; path = ColorExtension.swift; sourceTree = "<group>"; };
/* End PBXFileReference section */

/* Begin PBXFrameworksBuildPhase section */
		F085B24529E0981D00981BC6 /* Frameworks */ = {
			isa = PBXFrameworksBuildPhase;
			buildActionMask = 2147483647;
			files = (
			);
			runOnlyForDeploymentPostprocessing = 0;
		};
/* End PBXFrameworksBuildPhase section */

/* Begin PBXGroup section */
		F085B23F29E0981D00981BC6 = {
			isa = PBXGroup;
			children = (
				F085B24A29E0981D00981BC6 /* Craven Connections */,
				F085B24929E0981D00981BC6 /* Products */,
			);
			sourceTree = "<group>";
		};
		F085B24929E0981D00981BC6 /* Products */ = {
			isa = PBXGroup;
			children = (
				F085B24829E0981D00981BC6 /* Craven Connections.app */,
			);
			name = Products;
			sourceTree = "<group>";
		};
		F085B24A29E0981D00981BC6 /* Craven Connections */ = {
			isa = PBXGroup;
			children = (
				F085B24B29E0981D00981BC6 /* Craven_ConnectionsApp.swift */,
				F085B24D29E0981D00981BC6 /* ContentView.swift */,
				F085B24F29E0981F00981BC6 /* Assets.xcassets */,
				F085B25129E0981F00981BC6 /* Preview Content */,
				F0E8523829EE169A0035D661 /* ColorExtension.swift */,
				F0772B082A0379B800B2E181 /* TranscriptionViewModel.swift */,
				F0772B0A2A037A0700B2E181 /* LoginView.swift */,
				F0772B0C2A037A2E00B2E181 /* TranscriptionView.swift */,
				F0772B0E2A037AA500B2E181 /* Extensions.swift */,
				F0772B122A037B9000B2E181 /* AppDelegate.swift */,
			);
			path = "Craven Connections";
			sourceTree = "<group>";
		};
		F085B25129E0981F00981BC6 /* Preview Content */ = {
			isa = PBXGroup;
			children = (
				F085B25229E0981F00981BC6 /* Preview Assets.xcassets */,
			);
			path = "Preview Content";
			sourceTree = "<group>";
		};
/* End PBXGroup section */

/* Begin PBXNativeTarget section */
		F085B24729E0981D00981BC6 /* Craven Connections */ = {
			isa = PBXNativeTarget;
			buildConfigurationList = F085B25629E0981F00981BC6 /* Build configuration list for PBXNativeTarget "Craven Connections" */;
			buildPhases = (
				F085B24429E0981D00981BC6 /* Sources */,
				F085B24529E0981D00981BC6 /* Frameworks */,
				F085B24629E0981D00981BC6 /* Resources */,
			);
			buildRules = (
			);
			dependencies = (
			);
			name = "Craven Connections";
			productName = "Craven Connections";
			productReference = F085B24829E0981D00981BC6 /* Craven Connections.app */;
			productType = "com.apple.product-type.application";
		};
/* End PBXNativeTarget section */

/* Begin PBXProject section */
		F085B24029E0981D00981BC6 /* Project object */ = {
			isa = PBXProject;
			attributes = {
				BuildIndependentTargetsInParallel = 1;
				LastSwiftUpdateCheck = 1430;
				LastUpgradeCheck = 1430;
				TargetAttributes = {
					F085B24729E0981D00981BC6 = {
						CreatedOnToolsVersion = 14.3;
					};
				};
			};
			buildConfigurationList = F085B24329E0981D00981BC6 /* Build configuration list for PBXProject "Craven Connections" */;
			compatibilityVersion = "Xcode 14.0";
			developmentRegion = en;
			hasScannedForEncodings = 0;
			knownRegions = (
				en,
				Base,
			);
			mainGroup = F085B23F29E0981D00981BC6;
			productRefGroup = F085B24929E0981D00981BC6 /* Products */;
			projectDirPath = "";
			projectRoot = "";
			targets = (
				F085B24729E0981D00981BC6 /* Craven Connections */,
			);
		};
/* End PBXProject section */

/* Begin PBXResourcesBuildPhase section */
		F085B24629E0981D00981BC6 /* Resources */ = {
			isa = PBXResourcesBuildPhase;
			buildActionMask = 2147483647;
			files = (
				F085B25329E0981F00981BC6 /* Preview Assets.xcassets in Resources */,
				F085B25029E0981F00981BC6 /* Assets.xcassets in Resources */,
			);
			runOnlyForDeploymentPostprocessing = 0;
		};
/* End PBXResourcesBuildPhase section */

/* Begin PBXSourcesBuildPhase section */
		F085B24429E0981D00981BC6 /* Sources */ = {
			isa = PBXSourcesBuildPhase;
			buildActionMask = 2147483647;
			files = (
				F0772B132A037B9000B2E181 /* AppDelegate.swift in Sources */,
				F0E8523929EE169A0035D661 /* ColorExtension.swift in Sources */,
				F085B24E29E0981D00981BC6 /* ContentView.swift in Sources */,
				F085B24C29E0981D00981BC6 /* Craven_ConnectionsApp.swift in Sources */,
				F0772B0B2A037A0700B2E181 /* LoginView.swift in Sources */,
				F0772B0D2A037A2E00B2E181 /* TranscriptionView.swift in Sources */,
				F0772B092A0379B800B2E181 /* TranscriptionViewModel.swift in Sources */,
				F0772B0F2A037AA500B2E181 /* Extensions.swift in Sources */,
			);
			runOnlyForDeploymentPostprocessing = 0;
		};
/* End PBXSourcesBuildPhase section */

/* Begin XCBuildConfiguration section */
		F085B25429E0981F00981BC6 /* Debug */ = {
			isa = XCBuildConfiguration;
			buildSettings = {
				ALWAYS_SEARCH_USER_PATHS = NO;
				CLANG_ANALYZER_NONNULL = YES;
				CLANG_ANALYZER_NUMBER_OBJECT_CONVERSION = YES_AGGRESSIVE;
				CLANG_CXX_LANGUAGE_STANDARD = "gnu++20";
				CLANG_ENABLE_MODULES = YES;
				CLANG_ENABLE_OBJC_ARC = YES;
				CLANG_ENABLE_OBJC_WEAK = YES;
				CLANG_WARN_BLOCK_CAPTURE_AUTORELEASING = YES;
				CLANG_WARN_BOOL_CONVERSION = YES;
				CLANG_WARN_COMMA = YES;
				CLANG_WARN_CONSTANT_CONVERSION = YES;
				CLANG_WARN_DEPRECATED_OBJC_IMPLEMENTATIONS = YES;
				CLANG_WARN_DIRECT_OBJC_ISA_USAGE = YES_ERROR;
				CLANG_WARN_DOCUMENTATION_COMMENTS = YES;
				CLANG_WARN_EMPTY_BODY = YES;
				CLANG_WARN_ENUM_CONVERSION = YES;
				CLANG_WARN_INFINITE_RECURSION = YES;
				CLANG_WARN_INT_CONVERSION = YES;
				CLANG_WARN_NON_LITERAL_NULL_CONVERSION = YES;
				CLANG_WARN_OBJC_IMPLICIT_RETAIN_SELF = YES;
				CLANG_WARN_OBJC_LITERAL_CONVERSION = YES;
				CLANG_WARN_OBJC_ROOT_CLASS = YES_ERROR;
				CLANG_WARN_QUOTED_INCLUDE_IN_FRAMEWORK_HEADER = YES;
				CLANG_WARN_RANGE_LOOP_ANALYSIS = YES;
				CLANG_WARN_STRICT_PROTOTYPES = YES;
				CLANG_WARN_SUSPICIOUS_MOVE = YES;
				CLANG_WARN_UNGUARDED_AVAILABILITY = YES_AGGRESSIVE;
				CLANG_WARN_UNREACHABLE_CODE = YES;
				CLANG_WARN__DUPLICATE_METHOD_MATCH = YES;
				COPY_PHASE_STRIP = NO;
				DEBUG_INFORMATION_FORMAT = dwarf;
				ENABLE_STRICT_OBJC_MSGSEND = YES;
				ENABLE_TESTABILITY = YES;
				GCC_C_LANGUAGE_STANDARD = gnu11;
				GCC_DYNAMIC_NO_PIC = NO;
				GCC_NO_COMMON_BLOCKS = YES;
				GCC_OPTIMIZATION_LEVEL = 0;
				GCC_PREPROCESSOR_DEFINITIONS = (
					"DEBUG=1",
					"$(inherited)",
				);
				GCC_WARN_64_TO_32_BIT_CONVERSION = YES;
				GCC_WARN_ABOUT_RETURN_TYPE = YES_ERROR;
				GCC_WARN_UNDECLARED_SELECTOR = YES;
				GCC_WARN_UNINITIALIZED_AUTOS = YES_AGGRESSIVE;
				GCC_WARN_UNUSED_FUNCTION = YES;
				GCC_WARN_UNUSED_VARIABLE = YES;
				IPHONEOS_DEPLOYMENT_TARGET = 16.4;
				MTL_ENABLE_DEBUG_INFO = INCLUDE_SOURCE;
				MTL_FAST_MATH = YES;
				ONLY_ACTIVE_ARCH = YES;
				SDKROOT = iphoneos;
				SWIFT_ACTIVE_COMPILATION_CONDITIONS = DEBUG;
				SWIFT_OPTIMIZATION_LEVEL = "-Onone";
			};
			name = Debug;
		};
		F085B25529E0981F00981BC6 /* Release */ = {
			isa = XCBuildConfiguration;
			buildSettings = {
				ALWAYS_SEARCH_USER_PATHS = NO;
				CLANG_ANALYZER_NONNULL = YES;
				CLANG_ANALYZER_NUMBER_OBJECT_CONVERSION = YES_AGGRESSIVE;
				CLANG_CXX_LANGUAGE_STANDARD = "gnu++20";
				CLANG_ENABLE_MODULES = YES;
				CLANG_ENABLE_OBJC_ARC = YES;
				CLANG_ENABLE_OBJC_WEAK = YES;
				CLANG_WARN_BLOCK_CAPTURE_AUTORELEASING = YES;
				CLANG_WARN_BOOL_CONVERSION = YES;
				CLANG_WARN_COMMA = YES;
				CLANG_WARN_CONSTANT_CONVERSION = YES;
				CLANG_WARN_DEPRECATED_OBJC_IMPLEMENTATIONS = YES;
				CLANG_WARN_DIRECT_OBJC_ISA_USAGE = YES_ERROR;
				CLANG_WARN_DOCUMENTATION_COMMENTS = YES;
				CLANG_WARN_EMPTY_BODY = YES;
				CLANG_WARN_ENUM_CONVERSION = YES;
				CLANG_WARN_INFINITE_RECURSION = YES;
				CLANG_WARN_INT_CONVERSION = YES;
				CLANG_WARN_NON_LITERAL_NULL_CONVERSION = YES;
				CLANG_WARN_OBJC_IMPLICIT_RETAIN_SELF = YES;
				CLANG_WARN_OBJC_LITERAL_CONVERSION = YES;
				CLANG_WARN_OBJC_ROOT_CLASS = YES_ERROR;
				CLANG_WARN_QUOTED_INCLUDE_IN_FRAMEWORK_HEADER = YES;
				CLANG_WARN_RANGE_LOOP_ANALYSIS = YES;
				CLANG_WARN_STRICT_PROTOTYPES = YES;
				CLANG_WARN_SUSPICIOUS_MOVE = YES;
				CLANG_WARN_UNGUARDED_AVAILABILITY = YES_AGGRESSIVE;
				CLANG_WARN_UNREACHABLE_CODE = YES;
				CLANG_WARN__DUPLICATE_METHOD_MATCH = YES;
				COPY_PHASE_STRIP = NO;
				DEBUG_INFORMATION_FORMAT = "dwarf-with-dsym";
				ENABLE_NS_ASSERTIONS = NO;
				ENABLE_STRICT_OBJC_MSGSEND = YES;
				GCC_C_LANGUAGE_STANDARD = gnu11;
				GCC_NO_COMMON_BLOCKS = YES;
				GCC_WARN_64_TO_32_BIT_CONVERSION = YES;
				GCC_WARN_ABOUT_RETURN_TYPE = YES_ERROR;
				GCC_WARN_UNDECLARED_SELECTOR = YES;
				GCC_WARN_UNINITIALIZED_AUTOS = YES_AGGRESSIVE;
				GCC_WARN_UNUSED_FUNCTION = YES;
				GCC_WARN_UNUSED_VARIABLE = YES;
				IPHONEOS_DEPLOYMENT_TARGET = 16.4;
				MTL_ENABLE_DEBUG_INFO = NO;
				MTL_FAST_MATH = YES;
				SDKROOT = iphoneos;
				SWIFT_COMPILATION_MODE = wholemodule;
				SWIFT_OPTIMIZATION_LEVEL = "-O";
				VALIDATE_PRODUCT = YES;
			};
			name = Release;
		};
		F085B25729E0981F00981BC6 /* Debug */ = {
			isa = XCBuildConfiguration;
			buildSettings = {
				ASSETCATALOG_COMPILER_APPICON_NAME = AppIcon;
				ASSETCATALOG_COMPILER_GLOBAL_ACCENT_COLOR_NAME = AccentColor;
				CODE_SIGN_STYLE = Automatic;
				CURRENT_PROJECT_VERSION = 1;
				DEVELOPMENT_ASSET_PATHS = "\"Craven Connections/Preview Content\"";
				DEVELOPMENT_TEAM = GF86X7GGZ9;
				ENABLE_PREVIEWS = YES;
				GENERATE_INFOPLIST_FILE = YES;
				INFOPLIST_KEY_UIApplicationSceneManifest_Generation = YES;
				INFOPLIST_KEY_UIApplicationSupportsIndirectInputEvents = YES;
				INFOPLIST_KEY_UILaunchScreen_Generation = YES;
				INFOPLIST_KEY_UISupportedInterfaceOrientations_iPad = "UIInterfaceOrientationPortrait UIInterfaceOrientationPortraitUpsideDown UIInterfaceOrientationLandscapeLeft UIInterfaceOrientationLandscapeRight";
				INFOPLIST_KEY_UISupportedInterfaceOrientations_iPhone = "UIInterfaceOrientationPortrait UIInterfaceOrientationLandscapeLeft UIInterfaceOrientationLandscapeRight";
				LD_RUNPATH_SEARCH_PATHS = (
					"$(inherited)",
					"@executable_path/Frameworks",
				);
				MARKETING_VERSION = 1.0;
				PRODUCT_BUNDLE_IDENTIFIER = "CraveITArts.Craven-Connections";
				PRODUCT_NAME = "$(TARGET_NAME)";
				SWIFT_EMIT_LOC_STRINGS = YES;
				SWIFT_VERSION = 5.0;
				TARGETED_DEVICE_FAMILY = "1,2";
			};
			name = Debug;
		};
		F085B25829E0981F00981BC6 /* Release */ = {
			isa = XCBuildConfiguration;
			buildSettings = {
				ASSETCATALOG_COMPILER_APPICON_NAME = AppIcon;
				ASSETCATALOG_COMPILER_GLOBAL_ACCENT_COLOR_NAME = AccentColor;
				CODE_SIGN_STYLE = Automatic;
				CURRENT_PROJECT_VERSION = 1;
				DEVELOPMENT_ASSET_PATHS = "\"Craven Connections/Preview Content\"";
				DEVELOPMENT_TEAM = GF86X7GGZ9;
				ENABLE_PREVIEWS = YES;
				GENERATE_INFOPLIST_FILE = YES;
				INFOPLIST_KEY_UIApplicationSceneManifest_Generation = YES;
				INFOPLIST_KEY_UIApplicationSupportsIndirectInputEvents = YES;
				INFOPLIST_KEY_UILaunchScreen_Generation = YES;
				INFOPLIST_KEY_UISupportedInterfaceOrientations_iPad = "UIInterfaceOrientationPortrait UIInterfaceOrientationPortraitUpsideDown UIInterfaceOrientationLandscapeLeft UIInterfaceOrientationLandscapeRight";
				INFOPLIST_KEY_UISupportedInterfaceOrientations_iPhone = "UIInterfaceOrientationPortrait UIInterfaceOrientationLandscapeLeft UIInterfaceOrientationLandscapeRight";
				LD_RUNPATH_SEARCH_PATHS = (
					"$(inherited)",
					"@executable_path/Frameworks",
				);
				MARKETING_VERSION = 1.0;
				PRODUCT_BUNDLE_IDENTIFIER = "CraveITArts.Craven-Connections";
				PRODUCT_NAME = "$(TARGET_NAME)";
				SWIFT_EMIT_LOC_STRINGS = YES;
				SWIFT_VERSION = 5.0;
				TARGETED_DEVICE_FAMILY = "1,2";
			};
			name = Release;
		};
/* End XCBuildConfiguration section */

/* Begin XCConfigurationList section */
		F085B24329E0981D00981BC6 /* Build configuration list for PBXProject "Craven Connections" */ = {
			isa = XCConfigurationList;
			buildConfigurations = (
				F085B25429E0981F00981BC6 /* Debug */,
				F085B25529E0981F00981BC6 /* Release */,
			);
			defaultConfigurationIsVisible = 0;
			defaultConfigurationName = Release;
		};
		F085B25629E0981F00981BC6 /* Build configuration list for PBXNativeTarget "Craven Connections" */ = {
			isa = XCConfigurationList;
			buildConfigurations = (
				F085B25729E0981F00981BC6 /* Debug */,
				F085B25829E0981F00981BC6 /* Release */,
			);
			defaultConfigurationIsVisible = 0;
			defaultConfigurationName = Release;
		};
/* End XCConfigurationList section */
	};
	rootObject = F085B24029E0981D00981BC6 /* Project object */;
}
